
Microsoft Visual Studio Solution File, Format Version 12.00
# Visual Studio Version 17
VisualStudioVersion = 17.3.32811.315
MinimumVisualStudioVersion = 10.0.40219.1
Project("{F184B08F-C81C-45F6-A57F-5ABD9991F28F}") = "agenda22", "agenda22.vbproj", "{8509C9DB-2159-4237-95AD-96D140A60B7A}"
EndProject
Global
	GlobalSection(SolutionConfigurationPlatforms) = preSolution
		Debug|Any CPU = Debug|Any CPU
		Release|Any CPU = Release|Any CPU
	EndGlobalSection
	GlobalSection(ProjectConfigurationPlatforms) = postSolution
		{8509C9DB-2159-4237-95AD-96D140A60B7A}.Debug|Any CPU.ActiveCfg = Debug|Any CPU
		{8509C9DB-2159-4237-95AD-96D140A60B7A}.Debug|Any CPU.Build.0 = Debug|Any CPU
		{8509C9DB-2159-4237-95AD-96D140A60B7A}.Release|Any CPU.ActiveCfg = Release|Any CPU
		{8509C9DB-2159-4237-95AD-96D140A60B7A}.Release|Any CPU.Build.0 = Release|Any CPU
	EndGlobalSection
	GlobalSection(SolutionProperties) = preSolution
		HideSolutionNode = FALSE
	EndGlobalSection
	GlobalSection(ExtensibilityGlobals) = postSolution
		SolutionGuid = {F4789A40-3C5C-4777-858B-54E2F167E486}
	EndGlobalSection
EndGlobal
